// !$*UTF8*$!
{
	archiveVersion = 1;
	classes = {
	};
	objectVersion = 50;
	objects = {

/* Begin PBXBuildFile section */
		CE6E6CB126EE2A7F00D6A05A /* StartScreenRouter.swift in Sources */ = {isa = PBXBuildFile; fileRef = CE6E6CB026EE2A7F00D6A05A /* StartScreenRouter.swift */; };
		CE6E6CB326EE2D7900D6A05A /* StartScreenViewController.swift in Sources */ = {isa = PBXBuildFile; fileRef = CE6E6CB226EE2D7900D6A05A /* StartScreenViewController.swift */; };
		CE6E6CB526EF567300D6A05A /* StartScreenPresenter.swift in Sources */ = {isa = PBXBuildFile; fileRef = CE6E6CB426EF567300D6A05A /* StartScreenPresenter.swift */; };
		CE6E6CB926EF740200D6A05A /* StructuralUnitsRouter.swift in Sources */ = {isa = PBXBuildFile; fileRef = CE6E6CB826EF740200D6A05A /* StructuralUnitsRouter.swift */; };
		CE6E6CBB26EF743400D6A05A /* StructuralUnitsViewController.swift in Sources */ = {isa = PBXBuildFile; fileRef = CE6E6CBA26EF743400D6A05A /* StructuralUnitsViewController.swift */; };
		CE6E6CBE26EF89BD00D6A05A /* UIColor.swift in Sources */ = {isa = PBXBuildFile; fileRef = CE6E6CBD26EF89BD00D6A05A /* UIColor.swift */; };
		CE6E6CC026EF9CA500D6A05A /* StructuralUnitsPresenter.swift in Sources */ = {isa = PBXBuildFile; fileRef = CE6E6CBF26EF9CA500D6A05A /* StructuralUnitsPresenter.swift */; };
		CE6E6CC226EFA6B800D6A05A /* StructuralUnitsInteractor.swift in Sources */ = {isa = PBXBuildFile; fileRef = CE6E6CC126EFA6B800D6A05A /* StructuralUnitsInteractor.swift */; };
		CE6E6CC526EFA9C300D6A05A /* Subdivision.swift in Sources */ = {isa = PBXBuildFile; fileRef = CE6E6CC426EFA9C300D6A05A /* Subdivision.swift */; };
		CE6E6CC726EFA9FA00D6A05A /* Dataset.swift in Sources */ = {isa = PBXBuildFile; fileRef = CE6E6CC626EFA9FA00D6A05A /* Dataset.swift */; };
		CE8D959226F1FDD10054F879 /* SubdivisionService.swift in Sources */ = {isa = PBXBuildFile; fileRef = CE8D959126F1FDD10054F879 /* SubdivisionService.swift */; };
		CE8D959526F20B7F0054F879 /* APIClient.swift in Sources */ = {isa = PBXBuildFile; fileRef = CE8D959426F20B7F0054F879 /* APIClient.swift */; };
		CED0CEC226EE251300267F81 /* AppDelegate.swift in Sources */ = {isa = PBXBuildFile; fileRef = CED0CEC126EE251300267F81 /* AppDelegate.swift */; };
		CED0CECB26EE251500267F81 /* Assets.xcassets in Resources */ = {isa = PBXBuildFile; fileRef = CED0CECA26EE251500267F81 /* Assets.xcassets */; };
		CED0CECE26EE251500267F81 /* LaunchScreen.storyboard in Resources */ = {isa = PBXBuildFile; fileRef = CED0CECC26EE251500267F81 /* LaunchScreen.storyboard */; };
/* End PBXBuildFile section */

/* Begin PBXFileReference section */
		CE6E6CB026EE2A7F00D6A05A /* StartScreenRouter.swift */ = {isa = PBXFileReference; lastKnownFileType = sourcecode.swift; path = StartScreenRouter.swift; sourceTree = "<group>"; };
		CE6E6CB226EE2D7900D6A05A /* StartScreenViewController.swift */ = {isa = PBXFileReference; lastKnownFileType = sourcecode.swift; path = StartScreenViewController.swift; sourceTree = "<group>"; };
		CE6E6CB426EF567300D6A05A /* StartScreenPresenter.swift */ = {isa = PBXFileReference; lastKnownFileType = sourcecode.swift; path = StartScreenPresenter.swift; sourceTree = "<group>"; };
		CE6E6CB826EF740200D6A05A /* StructuralUnitsRouter.swift */ = {isa = PBXFileReference; lastKnownFileType = sourcecode.swift; path = StructuralUnitsRouter.swift; sourceTree = "<group>"; };
		CE6E6CBA26EF743400D6A05A /* StructuralUnitsViewController.swift */ = {isa = PBXFileReference; lastKnownFileType = sourcecode.swift; path = StructuralUnitsViewController.swift; sourceTree = "<group>"; };
		CE6E6CBD26EF89BD00D6A05A /* UIColor.swift */ = {isa = PBXFileReference; lastKnownFileType = sourcecode.swift; path = UIColor.swift; sourceTree = "<group>"; };
		CE6E6CBF26EF9CA500D6A05A /* StructuralUnitsPresenter.swift */ = {isa = PBXFileReference; lastKnownFileType = sourcecode.swift; path = StructuralUnitsPresenter.swift; sourceTree = "<group>"; };
		CE6E6CC126EFA6B800D6A05A /* StructuralUnitsInteractor.swift */ = {isa = PBXFileReference; lastKnownFileType = sourcecode.swift; path = StructuralUnitsInteractor.swift; sourceTree = "<group>"; };
		CE6E6CC426EFA9C300D6A05A /* Subdivision.swift */ = {isa = PBXFileReference; lastKnownFileType = sourcecode.swift; path = Subdivision.swift; sourceTree = "<group>"; };
		CE6E6CC626EFA9FA00D6A05A /* Dataset.swift */ = {isa = PBXFileReference; lastKnownFileType = sourcecode.swift; path = Dataset.swift; sourceTree = "<group>"; };
		CE8D959126F1FDD10054F879 /* SubdivisionService.swift */ = {isa = PBXFileReference; lastKnownFileType = sourcecode.swift; path = SubdivisionService.swift; sourceTree = "<group>"; };
		CE8D959426F20B7F0054F879 /* APIClient.swift */ = {isa = PBXFileReference; lastKnownFileType = sourcecode.swift; path = APIClient.swift; sourceTree = "<group>"; };
		CED0CEBE26EE251300267F81 /* OpenKranodar.app */ = {isa = PBXFileReference; explicitFileType = wrapper.application; includeInIndex = 0; path = OpenKranodar.app; sourceTree = BUILT_PRODUCTS_DIR; };
		CED0CEC126EE251300267F81 /* AppDelegate.swift */ = {isa = PBXFileReference; lastKnownFileType = sourcecode.swift; path = AppDelegate.swift; sourceTree = "<group>"; };
		CED0CECA26EE251500267F81 /* Assets.xcassets */ = {isa = PBXFileReference; lastKnownFileType = folder.assetcatalog; path = Assets.xcassets; sourceTree = "<group>"; };
		CED0CECD26EE251500267F81 /* Base */ = {isa = PBXFileReference; lastKnownFileType = file.storyboard; name = Base; path = Base.lproj/LaunchScreen.storyboard; sourceTree = "<group>"; };
		CED0CECF26EE251500267F81 /* Info.plist */ = {isa = PBXFileReference; lastKnownFileType = text.plist.xml; path = Info.plist; sourceTree = "<group>"; };
/* End PBXFileReference section */

/* Begin PBXFrameworksBuildPhase section */
		CED0CEBB26EE251300267F81 /* Frameworks */ = {
			isa = PBXFrameworksBuildPhase;
			buildActionMask = 2147483647;
			files = (
			);
			runOnlyForDeploymentPostprocessing = 0;
		};
/* End PBXFrameworksBuildPhase section */

/* Begin PBXGroup section */
		CE6E6CAE26EE292A00D6A05A /* Modules */ = {
			isa = PBXGroup;
			children = (
				CE6E6CB626EF705000D6A05A /* StructuralUnits */,
				CE6E6CAF26EE29E100D6A05A /* StartScreen */,
			);
			path = Modules;
			sourceTree = "<group>";
		};
		CE6E6CAF26EE29E100D6A05A /* StartScreen */ = {
			isa = PBXGroup;
			children = (
				CE6E6CB226EE2D7900D6A05A /* StartScreenViewController.swift */,
				CE6E6CB426EF567300D6A05A /* StartScreenPresenter.swift */,
				CE6E6CB026EE2A7F00D6A05A /* StartScreenRouter.swift */,
			);
			path = StartScreen;
			sourceTree = "<group>";
		};
		CE6E6CB626EF705000D6A05A /* StructuralUnits */ = {
			isa = PBXGroup;
			children = (
				CE6E6CBA26EF743400D6A05A /* StructuralUnitsViewController.swift */,
				CE6E6CBF26EF9CA500D6A05A /* StructuralUnitsPresenter.swift */,
				CE6E6CC126EFA6B800D6A05A /* StructuralUnitsInteractor.swift */,
				CE6E6CB826EF740200D6A05A /* StructuralUnitsRouter.swift */,
			);
			path = StructuralUnits;
			sourceTree = "<group>";
		};
		CE6E6CBC26EF89A000D6A05A /* Extensions */ = {
			isa = PBXGroup;
			children = (
				CE6E6CBD26EF89BD00D6A05A /* UIColor.swift */,
			);
			path = Extensions;
			sourceTree = "<group>";
		};
		CE6E6CC326EFA96B00D6A05A /* Entities */ = {
			isa = PBXGroup;
			children = (
				CE6E6CC426EFA9C300D6A05A /* Subdivision.swift */,
				CE6E6CC626EFA9FA00D6A05A /* Dataset.swift */,
			);
			path = Entities;
			sourceTree = "<group>";
		};
		CE8D959026F1FCCD0054F879 /* Services */ = {
			isa = PBXGroup;
			children = (
				CE8D959126F1FDD10054F879 /* SubdivisionService.swift */,
			);
			path = Services;
			sourceTree = "<group>";
		};
		CE8D959326F20B5E0054F879 /* Managers */ = {
			isa = PBXGroup;
			children = (
				CE8D959426F20B7F0054F879 /* APIClient.swift */,
			);
			path = Managers;
			sourceTree = "<group>";
		};
		CED0CEB526EE251300267F81 = {
			isa = PBXGroup;
			children = (
				CED0CEC026EE251300267F81 /* OpenKranodar */,
				CED0CEBF26EE251300267F81 /* Products */,
			);
			sourceTree = "<group>";
		};
		CED0CEBF26EE251300267F81 /* Products */ = {
			isa = PBXGroup;
			children = (
				CED0CEBE26EE251300267F81 /* OpenKranodar.app */,
			);
			name = Products;
			sourceTree = "<group>";
		};
		CED0CEC026EE251300267F81 /* OpenKranodar */ = {
			isa = PBXGroup;
			children = (
				CE6E6CAE26EE292A00D6A05A /* Modules */,
				CE6E6CC326EFA96B00D6A05A /* Entities */,
				CE8D959026F1FCCD0054F879 /* Services */,
				CE8D959326F20B5E0054F879 /* Managers */,
				CE6E6CBC26EF89A000D6A05A /* Extensions */,
				CED0CED526EE266400267F81 /* Default */,
			);
			path = OpenKranodar;
			sourceTree = "<group>";
		};
		CED0CED526EE266400267F81 /* Default */ = {
			isa = PBXGroup;
			children = (
				CED0CEC126EE251300267F81 /* AppDelegate.swift */,
				CED0CECF26EE251500267F81 /* Info.plist */,
				CED0CECA26EE251500267F81 /* Assets.xcassets */,
				CED0CECC26EE251500267F81 /* LaunchScreen.storyboard */,
			);
			path = Default;
			sourceTree = "<group>";
		};
/* End PBXGroup section */

/* Begin PBXNativeTarget section */
		CED0CEBD26EE251300267F81 /* OpenKranodar */ = {
			isa = PBXNativeTarget;
			buildConfigurationList = CED0CED226EE251500267F81 /* Build configuration list for PBXNativeTarget "OpenKranodar" */;
			buildPhases = (
				CED0CEBA26EE251300267F81 /* Sources */,
				CED0CEBB26EE251300267F81 /* Frameworks */,
				CED0CEBC26EE251300267F81 /* Resources */,
			);
			buildRules = (
			);
			dependencies = (
			);
			name = OpenKranodar;
			productName = OpenKranodar;
			productReference = CED0CEBE26EE251300267F81 /* OpenKranodar.app */;
			productType = "com.apple.product-type.application";
		};
/* End PBXNativeTarget section */

/* Begin PBXProject section */
		CED0CEB626EE251300267F81 /* Project object */ = {
			isa = PBXProject;
			attributes = {
				LastSwiftUpdateCheck = 1250;
				LastUpgradeCheck = 1250;
				TargetAttributes = {
					CED0CEBD26EE251300267F81 = {
						CreatedOnToolsVersion = 12.5;
					};
				};
			};
			buildConfigurationList = CED0CEB926EE251300267F81 /* Build configuration list for PBXProject "OpenKranodar" */;
			compatibilityVersion = "Xcode 9.3";
			developmentRegion = en;
			hasScannedForEncodings = 0;
			knownRegions = (
				en,
				Base,
			);
			mainGroup = CED0CEB526EE251300267F81;
			productRefGroup = CED0CEBF26EE251300267F81 /* Products */;
			projectDirPath = "";
			projectRoot = "";
			targets = (
				CED0CEBD26EE251300267F81 /* OpenKranodar */,
			);
		};
/* End PBXProject section */

/* Begin PBXResourcesBuildPhase section */
		CED0CEBC26EE251300267F81 /* Resources */ = {
			isa = PBXResourcesBuildPhase;
			buildActionMask = 2147483647;
			files = (
				CED0CECE26EE251500267F81 /* LaunchScreen.storyboard in Resources */,
				CED0CECB26EE251500267F81 /* Assets.xcassets in Resources */,
			);
			runOnlyForDeploymentPostprocessing = 0;
		};
/* End PBXResourcesBuildPhase section */

/* Begin PBXSourcesBuildPhase section */
		CED0CEBA26EE251300267F81 /* Sources */ = {
			isa = PBXSourcesBuildPhase;
			buildActionMask = 2147483647;
			files = (
				CE6E6CB326EE2D7900D6A05A /* StartScreenViewController.swift in Sources */,
				CE6E6CBE26EF89BD00D6A05A /* UIColor.swift in Sources */,
				CE6E6CB926EF740200D6A05A /* StructuralUnitsRouter.swift in Sources */,
				CE8D959226F1FDD10054F879 /* SubdivisionService.swift in Sources */,
				CED0CEC226EE251300267F81 /* AppDelegate.swift in Sources */,
				CE6E6CBB26EF743400D6A05A /* StructuralUnitsViewController.swift in Sources */,
				CE6E6CC026EF9CA500D6A05A /* StructuralUnitsPresenter.swift in Sources */,
				CE6E6CB126EE2A7F00D6A05A /* StartScreenRouter.swift in Sources */,
				CE6E6CC726EFA9FA00D6A05A /* Dataset.swift in Sources */,
				CE8D959526F20B7F0054F879 /* APIClient.swift in Sources */,
				CE6E6CC226EFA6B800D6A05A /* StructuralUnitsInteractor.swift in Sources */,
				CE6E6CB526EF567300D6A05A /* StartScreenPresenter.swift in Sources */,
				CE6E6CC526EFA9C300D6A05A /* Subdivision.swift in Sources */,
			);
			runOnlyForDeploymentPostprocessing = 0;
		};
/* End PBXSourcesBuildPhase section */

/* Begin PBXVariantGroup section */
		CED0CECC26EE251500267F81 /* LaunchScreen.storyboard */ = {
			isa = PBXVariantGroup;
			children = (
				CED0CECD26EE251500267F81 /* Base */,
			);
			name = LaunchScreen.storyboard;
			sourceTree = "<group>";
		};
/* End PBXVariantGroup section */

/* Begin XCBuildConfiguration section */
		CED0CED026EE251500267F81 /* Debug */ = {
			isa = XCBuildConfiguration;
			buildSettings = {
				ALWAYS_SEARCH_USER_PATHS = NO;
				CLANG_ANALYZER_NONNULL = YES;
				CLANG_ANALYZER_NUMBER_OBJECT_CONVERSION = YES_AGGRESSIVE;
				CLANG_CXX_LANGUAGE_STANDARD = "gnu++14";
				CLANG_CXX_LIBRARY = "libc++";
				CLANG_ENABLE_MODULES = YES;
				CLANG_ENABLE_OBJC_ARC = YES;
				CLANG_ENABLE_OBJC_WEAK = YES;
				CLANG_WARN_BLOCK_CAPTURE_AUTORELEASING = YES;
				CLANG_WARN_BOOL_CONVERSION = YES;
				CLANG_WARN_COMMA = YES;
				CLANG_WARN_CONSTANT_CONVERSION = YES;
				CLANG_WARN_DEPRECATED_OBJC_IMPLEMENTATIONS = YES;
				CLANG_WARN_DIRECT_OBJC_ISA_USAGE = YES_ERROR;
				CLANG_WARN_DOCUMENTATION_COMMENTS = YES;
				CLANG_WARN_EMPTY_BODY = YES;
				CLANG_WARN_ENUM_CONVERSION = YES;
				CLANG_WARN_INFINITE_RECURSION = YES;
				CLANG_WARN_INT_CONVERSION = YES;
				CLANG_WARN_NON_LITERAL_NULL_CONVERSION = YES;
				CLANG_WARN_OBJC_IMPLICIT_RETAIN_SELF = YES;
				CLANG_WARN_OBJC_LITERAL_CONVERSION = YES;
				CLANG_WARN_OBJC_ROOT_CLASS = YES_ERROR;
				CLANG_WARN_QUOTED_INCLUDE_IN_FRAMEWORK_HEADER = YES;
				CLANG_WARN_RANGE_LOOP_ANALYSIS = YES;
				CLANG_WARN_STRICT_PROTOTYPES = YES;
				CLANG_WARN_SUSPICIOUS_MOVE = YES;
				CLANG_WARN_UNGUARDED_AVAILABILITY = YES_AGGRESSIVE;
				CLANG_WARN_UNREACHABLE_CODE = YES;
				CLANG_WARN__DUPLICATE_METHOD_MATCH = YES;
				COPY_PHASE_STRIP = NO;
				DEBUG_INFORMATION_FORMAT = dwarf;
				ENABLE_STRICT_OBJC_MSGSEND = YES;
				ENABLE_TESTABILITY = YES;
				GCC_C_LANGUAGE_STANDARD = gnu11;
				GCC_DYNAMIC_NO_PIC = NO;
				GCC_NO_COMMON_BLOCKS = YES;
				GCC_OPTIMIZATION_LEVEL = 0;
				GCC_PREPROCESSOR_DEFINITIONS = (
					"DEBUG=1",
					"$(inherited)",
				);
				GCC_WARN_64_TO_32_BIT_CONVERSION = YES;
				GCC_WARN_ABOUT_RETURN_TYPE = YES_ERROR;
				GCC_WARN_UNDECLARED_SELECTOR = YES;
				GCC_WARN_UNINITIALIZED_AUTOS = YES_AGGRESSIVE;
				GCC_WARN_UNUSED_FUNCTION = YES;
				GCC_WARN_UNUSED_VARIABLE = YES;
				INFOPLIST_FILE = OpenKranodar/Default/Info.plist;
				IPHONEOS_DEPLOYMENT_TARGET = 14.5;
				MTL_ENABLE_DEBUG_INFO = INCLUDE_SOURCE;
				MTL_FAST_MATH = YES;
				ONLY_ACTIVE_ARCH = YES;
				SDKROOT = iphoneos;
				SWIFT_ACTIVE_COMPILATION_CONDITIONS = DEBUG;
				SWIFT_OPTIMIZATION_LEVEL = "-Onone";
			};
			name = Debug;
		};
		CED0CED126EE251500267F81 /* Release */ = {
			isa = XCBuildConfiguration;
			buildSettings = {
				ALWAYS_SEARCH_USER_PATHS = NO;
				CLANG_ANALYZER_NONNULL = YES;
				CLANG_ANALYZER_NUMBER_OBJECT_CONVERSION = YES_AGGRESSIVE;
				CLANG_CXX_LANGUAGE_STANDARD = "gnu++14";
				CLANG_CXX_LIBRARY = "libc++";
				CLANG_ENABLE_MODULES = YES;
				CLANG_ENABLE_OBJC_ARC = YES;
				CLANG_ENABLE_OBJC_WEAK = YES;
				CLANG_WARN_BLOCK_CAPTURE_AUTORELEASING = YES;
				CLANG_WARN_BOOL_CONVERSION = YES;
				CLANG_WARN_COMMA = YES;
				CLANG_WARN_CONSTANT_CONVERSION = YES;
				CLANG_WARN_DEPRECATED_OBJC_IMPLEMENTATIONS = YES;
				CLANG_WARN_DIRECT_OBJC_ISA_USAGE = YES_ERROR;
				CLANG_WARN_DOCUMENTATION_COMMENTS = YES;
				CLANG_WARN_EMPTY_BODY = YES;
				CLANG_WARN_ENUM_CONVERSION = YES;
				CLANG_WARN_INFINITE_RECURSION = YES;
				CLANG_WARN_INT_CONVERSION = YES;
				CLANG_WARN_NON_LITERAL_NULL_CONVERSION = YES;
				CLANG_WARN_OBJC_IMPLICIT_RETAIN_SELF = YES;
				CLANG_WARN_OBJC_LITERAL_CONVERSION = YES;
				CLANG_WARN_OBJC_ROOT_CLASS = YES_ERROR;
				CLANG_WARN_QUOTED_INCLUDE_IN_FRAMEWORK_HEADER = YES;
				CLANG_WARN_RANGE_LOOP_ANALYSIS = YES;
				CLANG_WARN_STRICT_PROTOTYPES = YES;
				CLANG_WARN_SUSPICIOUS_MOVE = YES;
				CLANG_WARN_UNGUARDED_AVAILABILITY = YES_AGGRESSIVE;
				CLANG_WARN_UNREACHABLE_CODE = YES;
				CLANG_WARN__DUPLICATE_METHOD_MATCH = YES;
				COPY_PHASE_STRIP = NO;
				DEBUG_INFORMATION_FORMAT = "dwarf-with-dsym";
				ENABLE_NS_ASSERTIONS = NO;
				ENABLE_STRICT_OBJC_MSGSEND = YES;
				GCC_C_LANGUAGE_STANDARD = gnu11;
				GCC_NO_COMMON_BLOCKS = YES;
				GCC_WARN_64_TO_32_BIT_CONVERSION = YES;
				GCC_WARN_ABOUT_RETURN_TYPE = YES_ERROR;
				GCC_WARN_UNDECLARED_SELECTOR = YES;
				GCC_WARN_UNINITIALIZED_AUTOS = YES_AGGRESSIVE;
				GCC_WARN_UNUSED_FUNCTION = YES;
				GCC_WARN_UNUSED_VARIABLE = YES;
				INFOPLIST_FILE = OpenKranodar/Default/Info.plist;
				IPHONEOS_DEPLOYMENT_TARGET = 14.5;
				MTL_ENABLE_DEBUG_INFO = NO;
				MTL_FAST_MATH = YES;
				SDKROOT = iphoneos;
				SWIFT_COMPILATION_MODE = wholemodule;
				SWIFT_OPTIMIZATION_LEVEL = "-O";
				VALIDATE_PRODUCT = YES;
			};
			name = Release;
		};
		CED0CED326EE251500267F81 /* Debug */ = {
			isa = XCBuildConfiguration;
			buildSettings = {
				ASSETCATALOG_COMPILER_APPICON_NAME = AppIcon;
				ASSETCATALOG_COMPILER_GLOBAL_ACCENT_COLOR_NAME = AccentColor;
				CODE_SIGN_STYLE = Automatic;
				DEVELOPMENT_TEAM = 2PQNZ2TUC3;
				INFOPLIST_FILE = OpenKranodar/Default/Info.plist;
				IPHONEOS_DEPLOYMENT_TARGET = 12.3;
				LD_RUNPATH_SEARCH_PATHS = (
					"$(inherited)",
					"@executable_path/Frameworks",
				);
				PRODUCT_BUNDLE_IDENTIFIER = ulkoart.OpenKranodar;
				PRODUCT_NAME = "$(TARGET_NAME)";
				SWIFT_VERSION = 5.0;
				TARGETED_DEVICE_FAMILY = 1;
			};
			name = Debug;
		};
		CED0CED426EE251500267F81 /* Release */ = {
			isa = XCBuildConfiguration;
			buildSettings = {
				ASSETCATALOG_COMPILER_APPICON_NAME = AppIcon;
				ASSETCATALOG_COMPILER_GLOBAL_ACCENT_COLOR_NAME = AccentColor;
				CODE_SIGN_STYLE = Automatic;
				DEVELOPMENT_TEAM = 2PQNZ2TUC3;
				INFOPLIST_FILE = OpenKranodar/Default/Info.plist;
				IPHONEOS_DEPLOYMENT_TARGET = 12.3;
				LD_RUNPATH_SEARCH_PATHS = (
					"$(inherited)",
					"@executable_path/Frameworks",
				);
				PRODUCT_BUNDLE_IDENTIFIER = ulkoart.OpenKranodar;
				PRODUCT_NAME = "$(TARGET_NAME)";
				SWIFT_VERSION = 5.0;
				TARGETED_DEVICE_FAMILY = 1;
			};
			name = Release;
		};
/* End XCBuildConfiguration section */

/* Begin XCConfigurationList section */
		CED0CEB926EE251300267F81 /* Build configuration list for PBXProject "OpenKranodar" */ = {
			isa = XCConfigurationList;
			buildConfigurations = (
				CED0CED026EE251500267F81 /* Debug */,
				CED0CED126EE251500267F81 /* Release */,
			);
			defaultConfigurationIsVisible = 0;
			defaultConfigurationName = Release;
		};
		CED0CED226EE251500267F81 /* Build configuration list for PBXNativeTarget "OpenKranodar" */ = {
			isa = XCConfigurationList;
			buildConfigurations = (
				CED0CED326EE251500267F81 /* Debug */,
				CED0CED426EE251500267F81 /* Release */,
			);
			defaultConfigurationIsVisible = 0;
			defaultConfigurationName = Release;
		};
/* End XCConfigurationList section */
	};
	rootObject = CED0CEB626EE251300267F81 /* Project object */;
}
